
Microsoft Visual Studio Solution File, Format Version 12.00
# Visual Studio Version 17
VisualStudioVersion = 17.7.34003.232
MinimumVisualStudioVersion = 10.0.40219.1
Project("{FAE04EC0-301F-11D3-BF4B-00C04F79EFBC}") = "EcommerceFarmacia", "EcommerceFarmacia.csproj", "{12C18052-BFB0-46E3-BC3B-58318F0B0D04}"
EndProject
Global
	GlobalSection(SolutionConfigurationPlatforms) = preSolution
		Debug|Any CPU = Debug|Any CPU
		Release|Any CPU = Release|Any CPU
	EndGlobalSection
	GlobalSection(ProjectConfigurationPlatforms) = postSolution
		{12C18052-BFB0-46E3-BC3B-58318F0B0D04}.Debug|Any CPU.ActiveCfg = Debug|Any CPU
		{12C18052-BFB0-46E3-BC3B-58318F0B0D04}.Debug|Any CPU.Build.0 = Debug|Any CPU
		{12C18052-BFB0-46E3-BC3B-58318F0B0D04}.Release|Any CPU.ActiveCfg = Release|Any CPU
		{12C18052-BFB0-46E3-BC3B-58318F0B0D04}.Release|Any CPU.Build.0 = Release|Any CPU
	EndGlobalSection
	GlobalSection(SolutionProperties) = preSolution
		HideSolutionNode = FALSE
	EndGlobalSection
	GlobalSection(ExtensibilityGlobals) = postSolution
		SolutionGuid = {0F90332F-DCC2-4E5E-81A9-E219DB3C6F2E}
	EndGlobalSection
EndGlobal
